// !$*UTF8*$!
{
	archiveVersion = 1;
	classes = {
	};
	objectVersion = 56;
	objects = {

/* Begin PBXBuildFile section */
		081AA39F29AF80220074C354 /* AppDelegate.swift in Sources */ = {isa = PBXBuildFile; fileRef = 081AA39E29AF80220074C354 /* AppDelegate.swift */; };
		081AA3A329AF80220074C354 /* WelcomeSearchViewController.swift in Sources */ = {isa = PBXBuildFile; fileRef = 081AA3A229AF80220074C354 /* WelcomeSearchViewController.swift */; };
		081AA3A829AF80240074C354 /* Assets.xcassets in Resources */ = {isa = PBXBuildFile; fileRef = 081AA3A729AF80240074C354 /* Assets.xcassets */; };
		081AA3AB29AF80240074C354 /* LaunchScreen.storyboard in Resources */ = {isa = PBXBuildFile; fileRef = 081AA3A929AF80240074C354 /* LaunchScreen.storyboard */; };
		087D855329AFC3AD0008FE8E /* OpenSansSemiBold.ttf in Resources */ = {isa = PBXBuildFile; fileRef = 087D854F29AFC3AD0008FE8E /* OpenSansSemiBold.ttf */; };
		087D855629AFC3AD0008FE8E /* OpenSansRegular.ttf in Resources */ = {isa = PBXBuildFile; fileRef = 087D855229AFC3AD0008FE8E /* OpenSansRegular.ttf */; };
		087D855829AFF6490008FE8E /* Constants.swift in Sources */ = {isa = PBXBuildFile; fileRef = 087D855729AFF6490008FE8E /* Constants.swift */; };
		F2229282EF96B4BAEB59F13C /* Pods_Pixasearch.framework in Frameworks */ = {isa = PBXBuildFile; fileRef = 9FE7E90FB404B8CDAA1A43BA /* Pods_Pixasearch.framework */; };
/* End PBXBuildFile section */

/* Begin PBXFileReference section */
		081AA39B29AF80220074C354 /* Pixasearch.app */ = {isa = PBXFileReference; explicitFileType = wrapper.application; includeInIndex = 0; path = Pixasearch.app; sourceTree = BUILT_PRODUCTS_DIR; };
		081AA39E29AF80220074C354 /* AppDelegate.swift */ = {isa = PBXFileReference; lastKnownFileType = sourcecode.swift; path = AppDelegate.swift; sourceTree = "<group>"; };
		081AA3A229AF80220074C354 /* WelcomeSearchViewController.swift */ = {isa = PBXFileReference; lastKnownFileType = sourcecode.swift; path = WelcomeSearchViewController.swift; sourceTree = "<group>"; };
		081AA3A729AF80240074C354 /* Assets.xcassets */ = {isa = PBXFileReference; lastKnownFileType = folder.assetcatalog; path = Assets.xcassets; sourceTree = "<group>"; };
		081AA3AA29AF80240074C354 /* Base */ = {isa = PBXFileReference; lastKnownFileType = file.storyboard; name = Base; path = Base.lproj/LaunchScreen.storyboard; sourceTree = "<group>"; };
		081AA3AC29AF80240074C354 /* Info.plist */ = {isa = PBXFileReference; lastKnownFileType = text.plist.xml; path = Info.plist; sourceTree = "<group>"; };
		087D854F29AFC3AD0008FE8E /* OpenSansSemiBold.ttf */ = {isa = PBXFileReference; lastKnownFileType = file; path = OpenSansSemiBold.ttf; sourceTree = "<group>"; };
		087D855229AFC3AD0008FE8E /* OpenSansRegular.ttf */ = {isa = PBXFileReference; lastKnownFileType = file; path = OpenSansRegular.ttf; sourceTree = "<group>"; };
		087D855729AFF6490008FE8E /* Constants.swift */ = {isa = PBXFileReference; lastKnownFileType = sourcecode.swift; path = Constants.swift; sourceTree = "<group>"; };
		1D567692E55F5F7C6792FCC1 /* Pods-Pixasearch.release.xcconfig */ = {isa = PBXFileReference; includeInIndex = 1; lastKnownFileType = text.xcconfig; name = "Pods-Pixasearch.release.xcconfig"; path = "Target Support Files/Pods-Pixasearch/Pods-Pixasearch.release.xcconfig"; sourceTree = "<group>"; };
		2E8FBEFA1BF989A20C924AAE /* Pods-Pixasearch.debug.xcconfig */ = {isa = PBXFileReference; includeInIndex = 1; lastKnownFileType = text.xcconfig; name = "Pods-Pixasearch.debug.xcconfig"; path = "Target Support Files/Pods-Pixasearch/Pods-Pixasearch.debug.xcconfig"; sourceTree = "<group>"; };
		9FE7E90FB404B8CDAA1A43BA /* Pods_Pixasearch.framework */ = {isa = PBXFileReference; explicitFileType = wrapper.framework; includeInIndex = 0; path = Pods_Pixasearch.framework; sourceTree = BUILT_PRODUCTS_DIR; };
/* End PBXFileReference section */

/* Begin PBXFrameworksBuildPhase section */
		081AA39829AF80220074C354 /* Frameworks */ = {
			isa = PBXFrameworksBuildPhase;
			buildActionMask = 2147483647;
			files = (
				F2229282EF96B4BAEB59F13C /* Pods_Pixasearch.framework in Frameworks */,
			);
			runOnlyForDeploymentPostprocessing = 0;
		};
/* End PBXFrameworksBuildPhase section */

/* Begin PBXGroup section */
		081AA39229AF80220074C354 = {
			isa = PBXGroup;
			children = (
				081AA39D29AF80220074C354 /* Pixasearch */,
				081AA39C29AF80220074C354 /* Products */,
				F66EB3BD0ED5788836005018 /* Pods */,
				BAFC2ACB74964B5510A18564 /* Frameworks */,
			);
			sourceTree = "<group>";
		};
		081AA39C29AF80220074C354 /* Products */ = {
			isa = PBXGroup;
			children = (
				081AA39B29AF80220074C354 /* Pixasearch.app */,
			);
			name = Products;
			sourceTree = "<group>";
		};
		081AA39D29AF80220074C354 /* Pixasearch */ = {
			isa = PBXGroup;
			children = (
				081AA39E29AF80220074C354 /* AppDelegate.swift */,
				087D855729AFF6490008FE8E /* Constants.swift */,
				081AA3A229AF80220074C354 /* WelcomeSearchViewController.swift */,
				087D854D29AFC3790008FE8E /* Resources */,
				087D854B29AFC1A20008FE8E /* SupportingFiles */,
			);
			path = Pixasearch;
			sourceTree = "<group>";
		};
		087D854B29AFC1A20008FE8E /* SupportingFiles */ = {
			isa = PBXGroup;
			children = (
				081AA3A929AF80240074C354 /* LaunchScreen.storyboard */,
				081AA3AC29AF80240074C354 /* Info.plist */,
			);
			name = SupportingFiles;
			sourceTree = "<group>";
		};
		087D854D29AFC3790008FE8E /* Resources */ = {
			isa = PBXGroup;
			children = (
				087D854E29AFC3AD0008FE8E /* Fonts */,
				081AA3A729AF80240074C354 /* Assets.xcassets */,
			);
			name = Resources;
			sourceTree = "<group>";
		};
		087D854E29AFC3AD0008FE8E /* Fonts */ = {
			isa = PBXGroup;
			children = (
				087D854F29AFC3AD0008FE8E /* OpenSansSemiBold.ttf */,
				087D855229AFC3AD0008FE8E /* OpenSansRegular.ttf */,
			);
			path = Fonts;
			sourceTree = "<group>";
		};
		BAFC2ACB74964B5510A18564 /* Frameworks */ = {
			isa = PBXGroup;
			children = (
				9FE7E90FB404B8CDAA1A43BA /* Pods_Pixasearch.framework */,
			);
			name = Frameworks;
			sourceTree = "<group>";
		};
		F66EB3BD0ED5788836005018 /* Pods */ = {
			isa = PBXGroup;
			children = (
				2E8FBEFA1BF989A20C924AAE /* Pods-Pixasearch.debug.xcconfig */,
				1D567692E55F5F7C6792FCC1 /* Pods-Pixasearch.release.xcconfig */,
			);
			path = Pods;
			sourceTree = "<group>";
		};
/* End PBXGroup section */

/* Begin PBXNativeTarget section */
		081AA39A29AF80220074C354 /* Pixasearch */ = {
			isa = PBXNativeTarget;
			buildConfigurationList = 081AA3AF29AF80240074C354 /* Build configuration list for PBXNativeTarget "Pixasearch" */;
			buildPhases = (
				C063434E1828FC34EEF29769 /* [CP] Check Pods Manifest.lock */,
				087D854729AF885C0008FE8E /* SwiftLint */,
				081AA39729AF80220074C354 /* Sources */,
				081AA39829AF80220074C354 /* Frameworks */,
				081AA39929AF80220074C354 /* Resources */,
				559BFAE1CD0D610390159552 /* [CP] Embed Pods Frameworks */,
			);
			buildRules = (
			);
			dependencies = (
			);
			name = Pixasearch;
			productName = Pixasearch;
			productReference = 081AA39B29AF80220074C354 /* Pixasearch.app */;
			productType = "com.apple.product-type.application";
		};
/* End PBXNativeTarget section */

/* Begin PBXProject section */
		081AA39329AF80220074C354 /* Project object */ = {
			isa = PBXProject;
			attributes = {
				BuildIndependentTargetsInParallel = 1;
				LastSwiftUpdateCheck = 1420;
				LastUpgradeCheck = 1420;
				TargetAttributes = {
					081AA39A29AF80220074C354 = {
						CreatedOnToolsVersion = 14.2;
					};
				};
			};
			buildConfigurationList = 081AA39629AF80220074C354 /* Build configuration list for PBXProject "Pixasearch" */;
			compatibilityVersion = "Xcode 14.0";
			developmentRegion = en;
			hasScannedForEncodings = 0;
			knownRegions = (
				en,
				Base,
			);
			mainGroup = 081AA39229AF80220074C354;
			productRefGroup = 081AA39C29AF80220074C354 /* Products */;
			projectDirPath = "";
			projectRoot = "";
			targets = (
				081AA39A29AF80220074C354 /* Pixasearch */,
			);
		};
/* End PBXProject section */

/* Begin PBXResourcesBuildPhase section */
		081AA39929AF80220074C354 /* Resources */ = {
			isa = PBXResourcesBuildPhase;
			buildActionMask = 2147483647;
			files = (
				081AA3AB29AF80240074C354 /* LaunchScreen.storyboard in Resources */,
				087D855329AFC3AD0008FE8E /* OpenSansSemiBold.ttf in Resources */,
				081AA3A829AF80240074C354 /* Assets.xcassets in Resources */,
				087D855629AFC3AD0008FE8E /* OpenSansRegular.ttf in Resources */,
			);
			runOnlyForDeploymentPostprocessing = 0;
		};
/* End PBXResourcesBuildPhase section */

/* Begin PBXShellScriptBuildPhase section */
		087D854729AF885C0008FE8E /* SwiftLint */ = {
			isa = PBXShellScriptBuildPhase;
			alwaysOutOfDate = 1;
			buildActionMask = 2147483647;
			files = (
			);
			inputFileListPaths = (
			);
			inputPaths = (
			);
			name = SwiftLint;
			outputFileListPaths = (
			);
			outputPaths = (
			);
			runOnlyForDeploymentPostprocessing = 0;
			shellPath = /bin/sh;
			shellScript = "export PATH=\"$PATH:/opt/homebrew/bin\"\n\nif which swiftlint >/dev/null; then\n  swiftlint\nelse\n  echo \"warning: SwiftLint not installed, download from https://github.com/realm/SwiftLint\"\nfi\n";
		};
		559BFAE1CD0D610390159552 /* [CP] Embed Pods Frameworks */ = {
			isa = PBXShellScriptBuildPhase;
			buildActionMask = 2147483647;
			files = (
			);
			inputFileListPaths = (
				"${PODS_ROOT}/Target Support Files/Pods-Pixasearch/Pods-Pixasearch-frameworks-${CONFIGURATION}-input-files.xcfilelist",
			);
			name = "[CP] Embed Pods Frameworks";
			outputFileListPaths = (
				"${PODS_ROOT}/Target Support Files/Pods-Pixasearch/Pods-Pixasearch-frameworks-${CONFIGURATION}-output-files.xcfilelist",
			);
			runOnlyForDeploymentPostprocessing = 0;
			shellPath = /bin/sh;
			shellScript = "\"${PODS_ROOT}/Target Support Files/Pods-Pixasearch/Pods-Pixasearch-frameworks.sh\"\n";
			showEnvVarsInLog = 0;
		};
		C063434E1828FC34EEF29769 /* [CP] Check Pods Manifest.lock */ = {
			isa = PBXShellScriptBuildPhase;
			buildActionMask = 2147483647;
			files = (
			);
			inputFileListPaths = (
			);
			inputPaths = (
				"${PODS_PODFILE_DIR_PATH}/Podfile.lock",
				"${PODS_ROOT}/Manifest.lock",
			);
			name = "[CP] Check Pods Manifest.lock";
			outputFileListPaths = (
			);
			outputPaths = (
				"$(DERIVED_FILE_DIR)/Pods-Pixasearch-checkManifestLockResult.txt",
			);
			runOnlyForDeploymentPostprocessing = 0;
			shellPath = /bin/sh;
			shellScript = "diff \"${PODS_PODFILE_DIR_PATH}/Podfile.lock\" \"${PODS_ROOT}/Manifest.lock\" > /dev/null\nif [ $? != 0 ] ; then\n    # print error to STDERR\n    echo \"error: The sandbox is not in sync with the Podfile.lock. Run 'pod install' or update your CocoaPods installation.\" >&2\n    exit 1\nfi\n# This output is used by Xcode 'outputs' to avoid re-running this script phase.\necho \"SUCCESS\" > \"${SCRIPT_OUTPUT_FILE_0}\"\n";
			showEnvVarsInLog = 0;
		};
/* End PBXShellScriptBuildPhase section */

/* Begin PBXSourcesBuildPhase section */
		081AA39729AF80220074C354 /* Sources */ = {
			isa = PBXSourcesBuildPhase;
			buildActionMask = 2147483647;
			files = (
				081AA3A329AF80220074C354 /* WelcomeSearchViewController.swift in Sources */,
				081AA39F29AF80220074C354 /* AppDelegate.swift in Sources */,
				087D855829AFF6490008FE8E /* Constants.swift in Sources */,
			);
			runOnlyForDeploymentPostprocessing = 0;
		};
/* End PBXSourcesBuildPhase section */

/* Begin PBXVariantGroup section */
		081AA3A929AF80240074C354 /* LaunchScreen.storyboard */ = {
			isa = PBXVariantGroup;
			children = (
				081AA3AA29AF80240074C354 /* Base */,
			);
			name = LaunchScreen.storyboard;
			sourceTree = "<group>";
		};
/* End PBXVariantGroup section */

/* Begin XCBuildConfiguration section */
		081AA3AD29AF80240074C354 /* Debug */ = {
			isa = XCBuildConfiguration;
			buildSettings = {
				ALWAYS_SEARCH_USER_PATHS = NO;
				CLANG_ANALYZER_NONNULL = YES;
				CLANG_ANALYZER_NUMBER_OBJECT_CONVERSION = YES_AGGRESSIVE;
				CLANG_CXX_LANGUAGE_STANDARD = "gnu++20";
				CLANG_ENABLE_MODULES = YES;
				CLANG_ENABLE_OBJC_ARC = YES;
				CLANG_ENABLE_OBJC_WEAK = YES;
				CLANG_WARN_BLOCK_CAPTURE_AUTORELEASING = YES;
				CLANG_WARN_BOOL_CONVERSION = YES;
				CLANG_WARN_COMMA = YES;
				CLANG_WARN_CONSTANT_CONVERSION = YES;
				CLANG_WARN_DEPRECATED_OBJC_IMPLEMENTATIONS = YES;
				CLANG_WARN_DIRECT_OBJC_ISA_USAGE = YES_ERROR;
				CLANG_WARN_DOCUMENTATION_COMMENTS = YES;
				CLANG_WARN_EMPTY_BODY = YES;
				CLANG_WARN_ENUM_CONVERSION = YES;
				CLANG_WARN_INFINITE_RECURSION = YES;
				CLANG_WARN_INT_CONVERSION = YES;
				CLANG_WARN_NON_LITERAL_NULL_CONVERSION = YES;
				CLANG_WARN_OBJC_IMPLICIT_RETAIN_SELF = YES;
				CLANG_WARN_OBJC_LITERAL_CONVERSION = YES;
				CLANG_WARN_OBJC_ROOT_CLASS = YES_ERROR;
				CLANG_WARN_QUOTED_INCLUDE_IN_FRAMEWORK_HEADER = YES;
				CLANG_WARN_RANGE_LOOP_ANALYSIS = YES;
				CLANG_WARN_STRICT_PROTOTYPES = YES;
				CLANG_WARN_SUSPICIOUS_MOVE = YES;
				CLANG_WARN_UNGUARDED_AVAILABILITY = YES_AGGRESSIVE;
				CLANG_WARN_UNREACHABLE_CODE = YES;
				CLANG_WARN__DUPLICATE_METHOD_MATCH = YES;
				COPY_PHASE_STRIP = NO;
				DEBUG_INFORMATION_FORMAT = dwarf;
				ENABLE_STRICT_OBJC_MSGSEND = YES;
				ENABLE_TESTABILITY = YES;
				GCC_C_LANGUAGE_STANDARD = gnu11;
				GCC_DYNAMIC_NO_PIC = NO;
				GCC_NO_COMMON_BLOCKS = YES;
				GCC_OPTIMIZATION_LEVEL = 0;
				GCC_PREPROCESSOR_DEFINITIONS = (
					"DEBUG=1",
					"$(inherited)",
				);
				GCC_WARN_64_TO_32_BIT_CONVERSION = YES;
				GCC_WARN_ABOUT_RETURN_TYPE = YES_ERROR;
				GCC_WARN_UNDECLARED_SELECTOR = YES;
				GCC_WARN_UNINITIALIZED_AUTOS = YES_AGGRESSIVE;
				GCC_WARN_UNUSED_FUNCTION = YES;
				GCC_WARN_UNUSED_VARIABLE = YES;
				IPHONEOS_DEPLOYMENT_TARGET = 16.2;
				MTL_ENABLE_DEBUG_INFO = INCLUDE_SOURCE;
				MTL_FAST_MATH = YES;
				ONLY_ACTIVE_ARCH = YES;
				SDKROOT = iphoneos;
				SWIFT_ACTIVE_COMPILATION_CONDITIONS = DEBUG;
				SWIFT_OPTIMIZATION_LEVEL = "-Onone";
			};
			name = Debug;
		};
		081AA3AE29AF80240074C354 /* Release */ = {
			isa = XCBuildConfiguration;
			buildSettings = {
				ALWAYS_SEARCH_USER_PATHS = NO;
				CLANG_ANALYZER_NONNULL = YES;
				CLANG_ANALYZER_NUMBER_OBJECT_CONVERSION = YES_AGGRESSIVE;
				CLANG_CXX_LANGUAGE_STANDARD = "gnu++20";
				CLANG_ENABLE_MODULES = YES;
				CLANG_ENABLE_OBJC_ARC = YES;
				CLANG_ENABLE_OBJC_WEAK = YES;
				CLANG_WARN_BLOCK_CAPTURE_AUTORELEASING = YES;
				CLANG_WARN_BOOL_CONVERSION = YES;
				CLANG_WARN_COMMA = YES;
				CLANG_WARN_CONSTANT_CONVERSION = YES;
				CLANG_WARN_DEPRECATED_OBJC_IMPLEMENTATIONS = YES;
				CLANG_WARN_DIRECT_OBJC_ISA_USAGE = YES_ERROR;
				CLANG_WARN_DOCUMENTATION_COMMENTS = YES;
				CLANG_WARN_EMPTY_BODY = YES;
				CLANG_WARN_ENUM_CONVERSION = YES;
				CLANG_WARN_INFINITE_RECURSION = YES;
				CLANG_WARN_INT_CONVERSION = YES;
				CLANG_WARN_NON_LITERAL_NULL_CONVERSION = YES;
				CLANG_WARN_OBJC_IMPLICIT_RETAIN_SELF = YES;
				CLANG_WARN_OBJC_LITERAL_CONVERSION = YES;
				CLANG_WARN_OBJC_ROOT_CLASS = YES_ERROR;
				CLANG_WARN_QUOTED_INCLUDE_IN_FRAMEWORK_HEADER = YES;
				CLANG_WARN_RANGE_LOOP_ANALYSIS = YES;
				CLANG_WARN_STRICT_PROTOTYPES = YES;
				CLANG_WARN_SUSPICIOUS_MOVE = YES;
				CLANG_WARN_UNGUARDED_AVAILABILITY = YES_AGGRESSIVE;
				CLANG_WARN_UNREACHABLE_CODE = YES;
				CLANG_WARN__DUPLICATE_METHOD_MATCH = YES;
				COPY_PHASE_STRIP = NO;
				DEBUG_INFORMATION_FORMAT = "dwarf-with-dsym";
				ENABLE_NS_ASSERTIONS = NO;
				ENABLE_STRICT_OBJC_MSGSEND = YES;
				GCC_C_LANGUAGE_STANDARD = gnu11;
				GCC_NO_COMMON_BLOCKS = YES;
				GCC_WARN_64_TO_32_BIT_CONVERSION = YES;
				GCC_WARN_ABOUT_RETURN_TYPE = YES_ERROR;
				GCC_WARN_UNDECLARED_SELECTOR = YES;
				GCC_WARN_UNINITIALIZED_AUTOS = YES_AGGRESSIVE;
				GCC_WARN_UNUSED_FUNCTION = YES;
				GCC_WARN_UNUSED_VARIABLE = YES;
				IPHONEOS_DEPLOYMENT_TARGET = 16.2;
				MTL_ENABLE_DEBUG_INFO = NO;
				MTL_FAST_MATH = YES;
				SDKROOT = iphoneos;
				SWIFT_COMPILATION_MODE = wholemodule;
				SWIFT_OPTIMIZATION_LEVEL = "-O";
				VALIDATE_PRODUCT = YES;
			};
			name = Release;
		};
		081AA3B029AF80240074C354 /* Debug */ = {
			isa = XCBuildConfiguration;
			baseConfigurationReference = 2E8FBEFA1BF989A20C924AAE /* Pods-Pixasearch.debug.xcconfig */;
			buildSettings = {
				ASSETCATALOG_COMPILER_APPICON_NAME = AppIcon;
				ASSETCATALOG_COMPILER_GLOBAL_ACCENT_COLOR_NAME = AccentColor;
				CODE_SIGN_STYLE = Automatic;
				CURRENT_PROJECT_VERSION = 1;
				DEVELOPMENT_TEAM = 9PF2GLF6PD;
				GENERATE_INFOPLIST_FILE = YES;
				INFOPLIST_FILE = Pixasearch/Info.plist;
				INFOPLIST_KEY_UIApplicationSupportsIndirectInputEvents = YES;
				INFOPLIST_KEY_UILaunchStoryboardName = LaunchScreen;
				INFOPLIST_KEY_UISupportedInterfaceOrientations_iPad = "UIInterfaceOrientationPortrait UIInterfaceOrientationPortraitUpsideDown UIInterfaceOrientationLandscapeLeft UIInterfaceOrientationLandscapeRight";
				INFOPLIST_KEY_UISupportedInterfaceOrientations_iPhone = "UIInterfaceOrientationPortrait UIInterfaceOrientationLandscapeLeft UIInterfaceOrientationLandscapeRight";
				IPHONEOS_DEPLOYMENT_TARGET = 12.0;
				LD_RUNPATH_SEARCH_PATHS = (
					"$(inherited)",
					"@executable_path/Frameworks",
				);
				MARKETING_VERSION = 1.0;
				PRODUCT_BUNDLE_IDENTIFIER = com.Beavean.Anthony.Pixasearch;
				PRODUCT_NAME = "$(TARGET_NAME)";
				SWIFT_EMIT_LOC_STRINGS = YES;
				SWIFT_VERSION = 5.0;
				TARGETED_DEVICE_FAMILY = "1,2";
			};
			name = Debug;
		};
		081AA3B129AF80240074C354 /* Release */ = {
			isa = XCBuildConfiguration;
			baseConfigurationReference = 1D567692E55F5F7C6792FCC1 /* Pods-Pixasearch.release.xcconfig */;
			buildSettings = {
				ASSETCATALOG_COMPILER_APPICON_NAME = AppIcon;
				ASSETCATALOG_COMPILER_GLOBAL_ACCENT_COLOR_NAME = AccentColor;
				CODE_SIGN_STYLE = Automatic;
				CURRENT_PROJECT_VERSION = 1;
				DEVELOPMENT_TEAM = 9PF2GLF6PD;
				GENERATE_INFOPLIST_FILE = YES;
				INFOPLIST_FILE = Pixasearch/Info.plist;
				INFOPLIST_KEY_UIApplicationSupportsIndirectInputEvents = YES;
				INFOPLIST_KEY_UILaunchStoryboardName = LaunchScreen;
				INFOPLIST_KEY_UISupportedInterfaceOrientations_iPad = "UIInterfaceOrientationPortrait UIInterfaceOrientationPortraitUpsideDown UIInterfaceOrientationLandscapeLeft UIInterfaceOrientationLandscapeRight";
				INFOPLIST_KEY_UISupportedInterfaceOrientations_iPhone = "UIInterfaceOrientationPortrait UIInterfaceOrientationLandscapeLeft UIInterfaceOrientationLandscapeRight";
				IPHONEOS_DEPLOYMENT_TARGET = 12.0;
				LD_RUNPATH_SEARCH_PATHS = (
					"$(inherited)",
					"@executable_path/Frameworks",
				);
				MARKETING_VERSION = 1.0;
				PRODUCT_BUNDLE_IDENTIFIER = com.Beavean.Anthony.Pixasearch;
				PRODUCT_NAME = "$(TARGET_NAME)";
				SWIFT_EMIT_LOC_STRINGS = YES;
				SWIFT_VERSION = 5.0;
				TARGETED_DEVICE_FAMILY = "1,2";
			};
			name = Release;
		};
/* End XCBuildConfiguration section */

/* Begin XCConfigurationList section */
		081AA39629AF80220074C354 /* Build configuration list for PBXProject "Pixasearch" */ = {
			isa = XCConfigurationList;
			buildConfigurations = (
				081AA3AD29AF80240074C354 /* Debug */,
				081AA3AE29AF80240074C354 /* Release */,
			);
			defaultConfigurationIsVisible = 0;
			defaultConfigurationName = Release;
		};
		081AA3AF29AF80240074C354 /* Build configuration list for PBXNativeTarget "Pixasearch" */ = {
			isa = XCConfigurationList;
			buildConfigurations = (
				081AA3B029AF80240074C354 /* Debug */,
				081AA3B129AF80240074C354 /* Release */,
			);
			defaultConfigurationIsVisible = 0;
			defaultConfigurationName = Release;
		};
/* End XCConfigurationList section */
	};
	rootObject = 081AA39329AF80220074C354 /* Project object */;
}
